
Microsoft Visual Studio Solution File, Format Version 12.00
# Visual Studio Version 17
VisualStudioVersion = 17.10.34928.147
MinimumVisualStudioVersion = 10.0.40219.1
Project("{9A19103F-16F7-4668-BE54-9A1E7A4F7556}") = "MinecraftDatapackReloadHelper", "MinecraftDatapackReloadHelper\MinecraftDatapackReloadHelper.csproj", "{9757E60D-1346-492B-868E-317CCDBF7228}"
EndProject
Project("{9A19103F-16F7-4668-BE54-9A1E7A4F7556}") = "UtilForMinecraftLibrary", "..\UtilForMinecraftLibrary\UtilForMinecraftLibrary\UtilForMinecraftLibrary.csproj", "{6F717114-EEBB-4BD1-ACBB-83260637C8CA}"
EndProject
Global
	GlobalSection(SolutionConfigurationPlatforms) = preSolution
		Debug|Any CPU = Debug|Any CPU
		Release|Any CPU = Release|Any CPU
	EndGlobalSection
	GlobalSection(ProjectConfigurationPlatforms) = postSolution
		{9757E60D-1346-492B-868E-317CCDBF7228}.Debug|Any CPU.ActiveCfg = Debug|Any CPU
		{9757E60D-1346-492B-868E-317CCDBF7228}.Debug|Any CPU.Build.0 = Debug|Any CPU
		{9757E60D-1346-492B-868E-317CCDBF7228}.Release|Any CPU.ActiveCfg = Release|Any CPU
		{9757E60D-1346-492B-868E-317CCDBF7228}.Release|Any CPU.Build.0 = Release|Any CPU
		{6F717114-EEBB-4BD1-ACBB-83260637C8CA}.Debug|Any CPU.ActiveCfg = Debug|Any CPU
		{6F717114-EEBB-4BD1-ACBB-83260637C8CA}.Debug|Any CPU.Build.0 = Debug|Any CPU
		{6F717114-EEBB-4BD1-ACBB-83260637C8CA}.Release|Any CPU.ActiveCfg = Release|Any CPU
		{6F717114-EEBB-4BD1-ACBB-83260637C8CA}.Release|Any CPU.Build.0 = Release|Any CPU
	EndGlobalSection
	GlobalSection(SolutionProperties) = preSolution
		HideSolutionNode = FALSE
	EndGlobalSection
	GlobalSection(ExtensibilityGlobals) = postSolution
		SolutionGuid = {D986AAB8-9FF4-431D-93D6-6601AB87C175}
	EndGlobalSection
EndGlobal
